
Microsoft Visual Studio Solution File, Format Version 12.00
# Visual Studio Version 16
VisualStudioVersion = 16.0.31205.134
MinimumVisualStudioVersion = 10.0.40219.1
Project("{FAE04EC0-301F-11D3-BF4B-00C04F79EFBC}") = "zodiac_finder_", "zodiac_finder_\zodiac_finder_.csproj", "{B951D6C0-CF8B-4BFC-A833-3AF10B43C426}"
EndProject
Global
	GlobalSection(SolutionConfigurationPlatforms) = preSolution
		Debug|Any CPU = Debug|Any CPU
		Release|Any CPU = Release|Any CPU
	EndGlobalSection
	GlobalSection(ProjectConfigurationPlatforms) = postSolution
		{B951D6C0-CF8B-4BFC-A833-3AF10B43C426}.Debug|Any CPU.ActiveCfg = Debug|Any CPU
		{B951D6C0-CF8B-4BFC-A833-3AF10B43C426}.Debug|Any CPU.Build.0 = Debug|Any CPU
		{B951D6C0-CF8B-4BFC-A833-3AF10B43C426}.Release|Any CPU.ActiveCfg = Release|Any CPU
		{B951D6C0-CF8B-4BFC-A833-3AF10B43C426}.Release|Any CPU.Build.0 = Release|Any CPU
	EndGlobalSection
	GlobalSection(SolutionProperties) = preSolution
		HideSolutionNode = FALSE
	EndGlobalSection
	GlobalSection(ExtensibilityGlobals) = postSolution
		SolutionGuid = {AE3AAA8F-789E-443B-AC8A-8C27316C56C9}
	EndGlobalSection
EndGlobal
